
Microsoft Visual Studio Solution File, Format Version 12.00
# Visual Studio Version 17
VisualStudioVersion = 17.0.31903.59
MinimumVisualStudioVersion = 10.0.40219.1
Project("{FAE04EC0-301F-11D3-BF4B-00C04F79EFBC}") = "BaD", "BaD.csproj", "{EAB7AB99-754A-4F44-9CE5-2635C32CE880}"
EndProject
Project("{FAE04EC0-301F-11D3-BF4B-00C04F79EFBC}") = "BaD.Tests", "BaD.Tests\BaD.Tests.csproj", "{24F54E00-B8F9-432C-9D85-BFCF70AA5525}"
EndProject
Global
	GlobalSection(SolutionConfigurationPlatforms) = preSolution
		Debug|Any CPU = Debug|Any CPU
		Release|Any CPU = Release|Any CPU
	EndGlobalSection
	GlobalSection(SolutionProperties) = preSolution
		HideSolutionNode = FALSE
	EndGlobalSection
	GlobalSection(ProjectConfigurationPlatforms) = postSolution
		{EAB7AB99-754A-4F44-9CE5-2635C32CE880}.Debug|Any CPU.ActiveCfg = Debug|Any CPU
		{EAB7AB99-754A-4F44-9CE5-2635C32CE880}.Debug|Any CPU.Build.0 = Debug|Any CPU
		{EAB7AB99-754A-4F44-9CE5-2635C32CE880}.Release|Any CPU.ActiveCfg = Release|Any CPU
		{EAB7AB99-754A-4F44-9CE5-2635C32CE880}.Release|Any CPU.Build.0 = Release|Any CPU
		{24F54E00-B8F9-432C-9D85-BFCF70AA5525}.Debug|Any CPU.ActiveCfg = Debug|Any CPU
		{24F54E00-B8F9-432C-9D85-BFCF70AA5525}.Debug|Any CPU.Build.0 = Debug|Any CPU
		{24F54E00-B8F9-432C-9D85-BFCF70AA5525}.Release|Any CPU.ActiveCfg = Release|Any CPU
		{24F54E00-B8F9-432C-9D85-BFCF70AA5525}.Release|Any CPU.Build.0 = Release|Any CPU
	EndGlobalSection
EndGlobal
